{
	"name": "@erik.khachatryan.org/test",
	"version": "1.0.0",
	"lockfileVersion": 1,
	"requires": true,
	"dependencies": {
		"@erik.khachatryan.org/learning-npm": {
			"version": "1.0.1",
			"resolved": "https://registry.npmjs.org/@erik.khachatryan.org/learning-npm/-/learning-npm-1.0.1.tgz",
			"integrity": "sha512-vwyw4VklHToUrdnxCaba8aG1A7YDEkYSUvnv0oSp9mzc/vhWAvkYZdPHPVwWDgfQLPZbpz+JIr40DQ0zb3mKFA==",
			"dev": true
		},
		"erikkhachatryan-learning-npm": {
			"version": "1.0.9",
			"resolved": "https://registry.npmjs.org/erikkhachatryan-learning-npm/-/erikkhachatryan-learning-npm-1.0.9.tgz",
			"integrity": "sha512-S2ESAECKjTMOEFcLu3HY4cHnStJnRcpDqMVP8d6aLLEBDllOV3S3x8ei93f5e9ruoFcDMy5Vux6g2VZ+pMRWSg=="
		}
	}
}
