{
	"name": "@erik.khachatryan.org/test",
	"version": "1.0.0",
	"lockfileVersion": 1,
	"requires": true,
	"dependencies": {
		"@erik.khachatryan.org/learning-npm": {
			"version": "1.0.1",
			"resolved": "https://registry.npmjs.org/@erik.khachatryan.org/learning-npm/-/learning-npm-1.0.1.tgz",
			"integrity": "sha512-vwyw4VklHToUrdnxCaba8aG1A7YDEkYSUvnv0oSp9mzc/vhWAvkYZdPHPVwWDgfQLPZbpz+JIr40DQ0zb3mKFA=="
		},
		"erikkhachatryan-learning-npm": {
			"version": "1.0.2",
			"resolved": "https://registry.npmjs.org/erikkhachatryan-learning-npm/-/erikkhachatryan-learning-npm-1.0.2.tgz",
			"integrity": "sha512-lroopSSqU8j3QaVivp2ZSCl1ylXzsEhSJmWI/qiKNTqeOpUdLQJO/tvq0zHFhocYbTlOndmI4DCX4TU3oF93OQ=="
		}
	}
}
